
Microsoft Visual Studio Solution File, Format Version 12.00
# Visual Studio Version 17
VisualStudioVersion = 17.10.34928.147
MinimumVisualStudioVersion = 10.0.40219.1
Project("{FAE04EC0-301F-11D3-BF4B-00C04F79EFBC}") = "ScheveTorenWebApp", "ScheveTorenWebApp\ScheveTorenWebApp.csproj", "{4D794477-F431-4C3C-B064-501DFC74CFEA}"
EndProject
Global
	GlobalSection(SolutionConfigurationPlatforms) = preSolution
		Debug|Any CPU = Debug|Any CPU
		Release|Any CPU = Release|Any CPU
	EndGlobalSection
	GlobalSection(ProjectConfigurationPlatforms) = postSolution
		{4D794477-F431-4C3C-B064-501DFC74CFEA}.Debug|Any CPU.ActiveCfg = Debug|Any CPU
		{4D794477-F431-4C3C-B064-501DFC74CFEA}.Debug|Any CPU.Build.0 = Debug|Any CPU
		{4D794477-F431-4C3C-B064-501DFC74CFEA}.Release|Any CPU.ActiveCfg = Release|Any CPU
		{4D794477-F431-4C3C-B064-501DFC74CFEA}.Release|Any CPU.Build.0 = Release|Any CPU
	EndGlobalSection
	GlobalSection(SolutionProperties) = preSolution
		HideSolutionNode = FALSE
	EndGlobalSection
	GlobalSection(ExtensibilityGlobals) = postSolution
		SolutionGuid = {34175CB6-2C1A-4309-9789-37E65AE7B95F}
	EndGlobalSection
EndGlobal
